<?xml version="1.0" encoding="utf-8"?>
<Project ToolsVersion="4.0" xmlns="http://schemas.microsoft.com/developer/msbuild/2003">
  <ItemGroup>
    <Filter Include="Source Files">
      <UniqueIdentifier>{939b2558-0f90-428d-bd54-6a7fd7f2ca7d}</UniqueIdentifier>
    </Filter>
    <Filter Include="Header Files">
      <UniqueIdentifier>{02b0c5c4-23ad-43ff-9d64-e2a3085759a5}</UniqueIdentifier>
    </Filter>
  </ItemGroup>
  <ItemGroup>
    <ClInclude Include="include\AbstractFeatureMatcher.h">
      <Filter>Header Files</Filter>
    </ClInclude>
    <ClInclude Include="include\BundleAdjuster.h">
      <Filter>Header Files</Filter>
    </ClInclude>
    <ClInclude Include="include\Common.h">
      <Filter>Header Files</Filter>
    </ClInclude>
    <ClInclude Include="include\Distance.h">
      <Filter>Header Files</Filter>
    </ClInclude>
    <ClInclude Include="include\FindCameraMatrices.h">
      <Filter>Header Files</Filter>
    </ClInclude>
    <ClInclude Include="include\GPUSURFFeatureMatcher.h">
      <Filter>Header Files</Filter>
    </ClInclude>
    <ClInclude Include="include\IDistance.h">
      <Filter>Header Files</Filter>
    </ClInclude>
    <ClInclude Include="include\IFeatureMatcher.h">
      <Filter>Header Files</Filter>
    </ClInclude>
    <ClInclude Include="include\MultiCameraDistance.h">
      <Filter>Header Files</Filter>
    </ClInclude>
    <ClInclude Include="include\MultiCameraPnP.h">
      <Filter>Header Files</Filter>
    </ClInclude>
    <ClInclude Include="include\OFFeatureMatcher.h">
      <Filter>Header Files</Filter>
    </ClInclude>
    <ClInclude Include="include\RichFeatureMatcher.h">
      <Filter>Header Files</Filter>
    </ClInclude>
    <ClInclude Include="include\SfMUpdateListener.h">
      <Filter>Header Files</Filter>
    </ClInclude>
    <ClInclude Include="include\Triangulation.h">
      <Filter>Header Files</Filter>
    </ClInclude>
  </ItemGroup>
  <ItemGroup>
    <ClCompile Include="src\AbstractFeatureMatcher.cpp">
      <Filter>Source Files</Filter>
    </ClCompile>
    <ClCompile Include="src\BundleAdjuster.cpp">
      <Filter>Source Files</Filter>
    </ClCompile>
    <ClCompile Include="src\Common.cpp">
      <Filter>Source Files</Filter>
    </ClCompile>
    <ClCompile Include="src\Distance.cpp">
      <Filter>Source Files</Filter>
    </ClCompile>
    <ClCompile Include="src\FindCameraMatrices.cpp">
      <Filter>Source Files</Filter>
    </ClCompile>
    <ClCompile Include="src\GPUSURFFeatureMatcher.cpp">
      <Filter>Source Files</Filter>
    </ClCompile>
    <ClCompile Include="src\MultiCameraDistance.cpp">
      <Filter>Source Files</Filter>
    </ClCompile>
    <ClCompile Include="src\MultiCameraPnP.cpp">
      <Filter>Source Files</Filter>
    </ClCompile>
    <ClCompile Include="src\OFFeatureMatcher.cpp">
      <Filter>Source Files</Filter>
    </ClCompile>
    <ClCompile Include="src\RichFeatureMatcher.cpp">
      <Filter>Source Files</Filter>
    </ClCompile>
    <ClCompile Include="src\SfMUpdateListener.cpp">
      <Filter>Source Files</Filter>
    </ClCompile>
    <ClCompile Include="src\Triangulation.cpp">
      <Filter>Source Files</Filter>
    </ClCompile>
  </ItemGroup>
</Project>