
Microsoft Visual Studio Solution File, Format Version 12.00
# Visual Studio 2012
Project("{8BC9CEB8-8B4A-11D0-8D11-00A0C91BC942}") = "FeatureDetection", "FeatureDetection\FeatureDetection.vcxproj", "{E472AA15-8AB3-4B0E-ABF7-C3DF339766CE}"
EndProject
Global
	GlobalSection(SolutionConfigurationPlatforms) = preSolution
		Debug|Win32 = Debug|Win32
		Release|Win32 = Release|Win32
	EndGlobalSection
	GlobalSection(ProjectConfigurationPlatforms) = postSolution
		{E472AA15-8AB3-4B0E-ABF7-C3DF339766CE}.Debug|Win32.ActiveCfg = Debug|Win32
		{E472AA15-8AB3-4B0E-ABF7-C3DF339766CE}.Debug|Win32.Build.0 = Debug|Win32
		{E472AA15-8AB3-4B0E-ABF7-C3DF339766CE}.Release|Win32.ActiveCfg = Release|Win32
		{E472AA15-8AB3-4B0E-ABF7-C3DF339766CE}.Release|Win32.Build.0 = Release|Win32
	EndGlobalSection
	GlobalSection(SolutionProperties) = preSolution
		HideSolutionNode = FALSE
	EndGlobalSection
	GlobalSection(ExtensibilityGlobals) = postSolution
		VisualSVNWorkingCopyRoot = .
	EndGlobalSection
EndGlobal
